Microsoft Visual Studio Solution File, Format Version 12.00
# Visual Studio Version 17
VisualStudioVersion = 17.5.2.0
MinimumVisualStudioVersion = 10.0.40219.1
Project("{FAE04EC0-301F-11D3-BF4B-00C04F79EFBC}") = "dotnet-9.0-sample", "dotnet-9.0-sample.csproj", "{CFBDDF54-61EE-008D-119E-0B345E3DC926}"
EndProject
Global
	GlobalSection(SolutionConfigurationPlatforms) = preSolution
		Debug|Any CPU = Debug|Any CPU
		Release|Any CPU = Release|Any CPU
	EndGlobalSection
	GlobalSection(ProjectConfigurationPlatforms) = postSolution
		{CFBDDF54-61EE-008D-119E-0B345E3DC926}.Debug|Any CPU.ActiveCfg = Debug|Any CPU
		{CFBDDF54-61EE-008D-119E-0B345E3DC926}.Debug|Any CPU.Build.0 = Debug|Any CPU
		{CFBDDF54-61EE-008D-119E-0B345E3DC926}.Release|Any CPU.ActiveCfg = Release|Any CPU
		{CFBDDF54-61EE-008D-119E-0B345E3DC926}.Release|Any CPU.Build.0 = Release|Any CPU
	EndGlobalSection
	GlobalSection(SolutionProperties) = preSolution
		HideSolutionNode = FALSE
	EndGlobalSection
	GlobalSection(ExtensibilityGlobals) = postSolution
		SolutionGuid = {7DBA23B9-8370-47EA-B4C7-7C8B413765A2}
	EndGlobalSection
EndGlobal
